
Microsoft Visual Studio Solution File, Format Version 12.00
# Visual Studio Version 17
VisualStudioVersion = 17.14.36408.4 d17.14
MinimumVisualStudioVersion = 10.0.40219.1
Project("{FAE04EC0-301F-11D3-BF4B-00C04F79EFBC}") = "Cours15 - MenuBar", "Cours15 - MenuBar\Cours15 - MenuBar.csproj", "{5C078519-6877-465B-8EAA-F406154ADBC8}"
EndProject
Project("{FAE04EC0-301F-11D3-BF4B-00C04F79EFBC}") = "Exercice", "Exercice\Exercice.csproj", "{FAA64AB4-B1A1-4552-9794-975DED3DE084}"
EndProject
Global
	GlobalSection(SolutionConfigurationPlatforms) = preSolution
		Debug|ARM64 = Debug|ARM64
		Debug|x64 = Debug|x64
		Debug|x86 = Debug|x86
		Release|ARM64 = Release|ARM64
		Release|x64 = Release|x64
		Release|x86 = Release|x86
	EndGlobalSection
	GlobalSection(ProjectConfigurationPlatforms) = postSolution
		{5C078519-6877-465B-8EAA-F406154ADBC8}.Debug|ARM64.ActiveCfg = Debug|ARM64
		{5C078519-6877-465B-8EAA-F406154ADBC8}.Debug|ARM64.Build.0 = Debug|ARM64
		{5C078519-6877-465B-8EAA-F406154ADBC8}.Debug|ARM64.Deploy.0 = Debug|ARM64
		{5C078519-6877-465B-8EAA-F406154ADBC8}.Debug|x64.ActiveCfg = Debug|x64
		{5C078519-6877-465B-8EAA-F406154ADBC8}.Debug|x64.Build.0 = Debug|x64
		{5C078519-6877-465B-8EAA-F406154ADBC8}.Debug|x64.Deploy.0 = Debug|x64
		{5C078519-6877-465B-8EAA-F406154ADBC8}.Debug|x86.ActiveCfg = Debug|x86
		{5C078519-6877-465B-8EAA-F406154ADBC8}.Debug|x86.Build.0 = Debug|x86
		{5C078519-6877-465B-8EAA-F406154ADBC8}.Debug|x86.Deploy.0 = Debug|x86
		{5C078519-6877-465B-8EAA-F406154ADBC8}.Release|ARM64.ActiveCfg = Release|ARM64
		{5C078519-6877-465B-8EAA-F406154ADBC8}.Release|ARM64.Build.0 = Release|ARM64
		{5C078519-6877-465B-8EAA-F406154ADBC8}.Release|ARM64.Deploy.0 = Release|ARM64
		{5C078519-6877-465B-8EAA-F406154ADBC8}.Release|x64.ActiveCfg = Release|x64
		{5C078519-6877-465B-8EAA-F406154ADBC8}.Release|x64.Build.0 = Release|x64
		{5C078519-6877-465B-8EAA-F406154ADBC8}.Release|x64.Deploy.0 = Release|x64
		{5C078519-6877-465B-8EAA-F406154ADBC8}.Release|x86.ActiveCfg = Release|x86
		{5C078519-6877-465B-8EAA-F406154ADBC8}.Release|x86.Build.0 = Release|x86
		{5C078519-6877-465B-8EAA-F406154ADBC8}.Release|x86.Deploy.0 = Release|x86
		{FAA64AB4-B1A1-4552-9794-975DED3DE084}.Debug|ARM64.ActiveCfg = Debug|ARM64
		{FAA64AB4-B1A1-4552-9794-975DED3DE084}.Debug|ARM64.Build.0 = Debug|ARM64
		{FAA64AB4-B1A1-4552-9794-975DED3DE084}.Debug|ARM64.Deploy.0 = Debug|ARM64
		{FAA64AB4-B1A1-4552-9794-975DED3DE084}.Debug|x64.ActiveCfg = Debug|x64
		{FAA64AB4-B1A1-4552-9794-975DED3DE084}.Debug|x64.Build.0 = Debug|x64
		{FAA64AB4-B1A1-4552-9794-975DED3DE084}.Debug|x64.Deploy.0 = Debug|x64
		{FAA64AB4-B1A1-4552-9794-975DED3DE084}.Debug|x86.ActiveCfg = Debug|x86
		{FAA64AB4-B1A1-4552-9794-975DED3DE084}.Debug|x86.Build.0 = Debug|x86
		{FAA64AB4-B1A1-4552-9794-975DED3DE084}.Debug|x86.Deploy.0 = Debug|x86
		{FAA64AB4-B1A1-4552-9794-975DED3DE084}.Release|ARM64.ActiveCfg = Release|ARM64
		{FAA64AB4-B1A1-4552-9794-975DED3DE084}.Release|ARM64.Build.0 = Release|ARM64
		{FAA64AB4-B1A1-4552-9794-975DED3DE084}.Release|ARM64.Deploy.0 = Release|ARM64
		{FAA64AB4-B1A1-4552-9794-975DED3DE084}.Release|x64.ActiveCfg = Release|x64
		{FAA64AB4-B1A1-4552-9794-975DED3DE084}.Release|x64.Build.0 = Release|x64
		{FAA64AB4-B1A1-4552-9794-975DED3DE084}.Release|x64.Deploy.0 = Release|x64
		{FAA64AB4-B1A1-4552-9794-975DED3DE084}.Release|x86.ActiveCfg = Release|x86
		{FAA64AB4-B1A1-4552-9794-975DED3DE084}.Release|x86.Build.0 = Release|x86
		{FAA64AB4-B1A1-4552-9794-975DED3DE084}.Release|x86.Deploy.0 = Release|x86
	EndGlobalSection
	GlobalSection(SolutionProperties) = preSolution
		HideSolutionNode = FALSE
	EndGlobalSection
	GlobalSection(ExtensibilityGlobals) = postSolution
		SolutionGuid = {C16C93AD-F073-406A-9B6E-396DA864CB5B}
	EndGlobalSection
EndGlobal
