
Microsoft Visual Studio Solution File, Format Version 12.00
# Visual Studio Version 17
VisualStudioVersion = 17.14.36408.4 d17.14
MinimumVisualStudioVersion = 10.0.40219.1
Project("{FAE04EC0-301F-11D3-BF4B-00C04F79EFBC}") = "App1", "App1\App1.csproj", "{37AAEA59-33FC-42EF-8210-D433A3F167B2}"
EndProject
Project("{FAE04EC0-301F-11D3-BF4B-00C04F79EFBC}") = "Ex1", "Ex1\Ex1.csproj", "{920B2607-4340-4087-AC45-BA813DD23F34}"
EndProject
Project("{FAE04EC0-301F-11D3-BF4B-00C04F79EFBC}") = "Ex2", "Ex2\Ex2.csproj", "{121D262C-12C5-4BF7-88B7-60E5DC46C61A}"
EndProject
Project("{FAE04EC0-301F-11D3-BF4B-00C04F79EFBC}") = "Ex3", "Ex3\Ex3.csproj", "{B6904640-9724-4CB4-881D-7B36F5324F93}"
EndProject
Project("{FAE04EC0-301F-11D3-BF4B-00C04F79EFBC}") = "Ex4", "Ex4\Ex4.csproj", "{794C308E-F065-4CAA-84B1-A013F904AC5D}"
EndProject
Global
	GlobalSection(SolutionConfigurationPlatforms) = preSolution
		Debug|ARM64 = Debug|ARM64
		Debug|x64 = Debug|x64
		Debug|x86 = Debug|x86
		Release|ARM64 = Release|ARM64
		Release|x64 = Release|x64
		Release|x86 = Release|x86
	EndGlobalSection
	GlobalSection(ProjectConfigurationPlatforms) = postSolution
		{37AAEA59-33FC-42EF-8210-D433A3F167B2}.Debug|ARM64.ActiveCfg = Debug|ARM64
		{37AAEA59-33FC-42EF-8210-D433A3F167B2}.Debug|ARM64.Build.0 = Debug|ARM64
		{37AAEA59-33FC-42EF-8210-D433A3F167B2}.Debug|ARM64.Deploy.0 = Debug|ARM64
		{37AAEA59-33FC-42EF-8210-D433A3F167B2}.Debug|x64.ActiveCfg = Debug|x64
		{37AAEA59-33FC-42EF-8210-D433A3F167B2}.Debug|x64.Build.0 = Debug|x64
		{37AAEA59-33FC-42EF-8210-D433A3F167B2}.Debug|x64.Deploy.0 = Debug|x64
		{37AAEA59-33FC-42EF-8210-D433A3F167B2}.Debug|x86.ActiveCfg = Debug|x86
		{37AAEA59-33FC-42EF-8210-D433A3F167B2}.Debug|x86.Build.0 = Debug|x86
		{37AAEA59-33FC-42EF-8210-D433A3F167B2}.Debug|x86.Deploy.0 = Debug|x86
		{37AAEA59-33FC-42EF-8210-D433A3F167B2}.Release|ARM64.ActiveCfg = Release|ARM64
		{37AAEA59-33FC-42EF-8210-D433A3F167B2}.Release|ARM64.Build.0 = Release|ARM64
		{37AAEA59-33FC-42EF-8210-D433A3F167B2}.Release|ARM64.Deploy.0 = Release|ARM64
		{37AAEA59-33FC-42EF-8210-D433A3F167B2}.Release|x64.ActiveCfg = Release|x64
		{37AAEA59-33FC-42EF-8210-D433A3F167B2}.Release|x64.Build.0 = Release|x64
		{37AAEA59-33FC-42EF-8210-D433A3F167B2}.Release|x64.Deploy.0 = Release|x64
		{37AAEA59-33FC-42EF-8210-D433A3F167B2}.Release|x86.ActiveCfg = Release|x86
		{37AAEA59-33FC-42EF-8210-D433A3F167B2}.Release|x86.Build.0 = Release|x86
		{37AAEA59-33FC-42EF-8210-D433A3F167B2}.Release|x86.Deploy.0 = Release|x86
		{920B2607-4340-4087-AC45-BA813DD23F34}.Debug|ARM64.ActiveCfg = Debug|ARM64
		{920B2607-4340-4087-AC45-BA813DD23F34}.Debug|ARM64.Build.0 = Debug|ARM64
		{920B2607-4340-4087-AC45-BA813DD23F34}.Debug|ARM64.Deploy.0 = Debug|ARM64
		{920B2607-4340-4087-AC45-BA813DD23F34}.Debug|x64.ActiveCfg = Debug|x64
		{920B2607-4340-4087-AC45-BA813DD23F34}.Debug|x64.Build.0 = Debug|x64
		{920B2607-4340-4087-AC45-BA813DD23F34}.Debug|x64.Deploy.0 = Debug|x64
		{920B2607-4340-4087-AC45-BA813DD23F34}.Debug|x86.ActiveCfg = Debug|x86
		{920B2607-4340-4087-AC45-BA813DD23F34}.Debug|x86.Build.0 = Debug|x86
		{920B2607-4340-4087-AC45-BA813DD23F34}.Debug|x86.Deploy.0 = Debug|x86
		{920B2607-4340-4087-AC45-BA813DD23F34}.Release|ARM64.ActiveCfg = Release|ARM64
		{920B2607-4340-4087-AC45-BA813DD23F34}.Release|ARM64.Build.0 = Release|ARM64
		{920B2607-4340-4087-AC45-BA813DD23F34}.Release|ARM64.Deploy.0 = Release|ARM64
		{920B2607-4340-4087-AC45-BA813DD23F34}.Release|x64.ActiveCfg = Release|x64
		{920B2607-4340-4087-AC45-BA813DD23F34}.Release|x64.Build.0 = Release|x64
		{920B2607-4340-4087-AC45-BA813DD23F34}.Release|x64.Deploy.0 = Release|x64
		{920B2607-4340-4087-AC45-BA813DD23F34}.Release|x86.ActiveCfg = Release|x86
		{920B2607-4340-4087-AC45-BA813DD23F34}.Release|x86.Build.0 = Release|x86
		{920B2607-4340-4087-AC45-BA813DD23F34}.Release|x86.Deploy.0 = Release|x86
		{121D262C-12C5-4BF7-88B7-60E5DC46C61A}.Debug|ARM64.ActiveCfg = Debug|ARM64
		{121D262C-12C5-4BF7-88B7-60E5DC46C61A}.Debug|ARM64.Build.0 = Debug|ARM64
		{121D262C-12C5-4BF7-88B7-60E5DC46C61A}.Debug|ARM64.Deploy.0 = Debug|ARM64
		{121D262C-12C5-4BF7-88B7-60E5DC46C61A}.Debug|x64.ActiveCfg = Debug|x64
		{121D262C-12C5-4BF7-88B7-60E5DC46C61A}.Debug|x64.Build.0 = Debug|x64
		{121D262C-12C5-4BF7-88B7-60E5DC46C61A}.Debug|x64.Deploy.0 = Debug|x64
		{121D262C-12C5-4BF7-88B7-60E5DC46C61A}.Debug|x86.ActiveCfg = Debug|x86
		{121D262C-12C5-4BF7-88B7-60E5DC46C61A}.Debug|x86.Build.0 = Debug|x86
		{121D262C-12C5-4BF7-88B7-60E5DC46C61A}.Debug|x86.Deploy.0 = Debug|x86
		{121D262C-12C5-4BF7-88B7-60E5DC46C61A}.Release|ARM64.ActiveCfg = Release|ARM64
		{121D262C-12C5-4BF7-88B7-60E5DC46C61A}.Release|ARM64.Build.0 = Release|ARM64
		{121D262C-12C5-4BF7-88B7-60E5DC46C61A}.Release|ARM64.Deploy.0 = Release|ARM64
		{121D262C-12C5-4BF7-88B7-60E5DC46C61A}.Release|x64.ActiveCfg = Release|x64
		{121D262C-12C5-4BF7-88B7-60E5DC46C61A}.Release|x64.Build.0 = Release|x64
		{121D262C-12C5-4BF7-88B7-60E5DC46C61A}.Release|x64.Deploy.0 = Release|x64
		{121D262C-12C5-4BF7-88B7-60E5DC46C61A}.Release|x86.ActiveCfg = Release|x86
		{121D262C-12C5-4BF7-88B7-60E5DC46C61A}.Release|x86.Build.0 = Release|x86
		{121D262C-12C5-4BF7-88B7-60E5DC46C61A}.Release|x86.Deploy.0 = Release|x86
		{B6904640-9724-4CB4-881D-7B36F5324F93}.Debug|ARM64.ActiveCfg = Debug|ARM64
		{B6904640-9724-4CB4-881D-7B36F5324F93}.Debug|ARM64.Build.0 = Debug|ARM64
		{B6904640-9724-4CB4-881D-7B36F5324F93}.Debug|ARM64.Deploy.0 = Debug|ARM64
		{B6904640-9724-4CB4-881D-7B36F5324F93}.Debug|x64.ActiveCfg = Debug|x64
		{B6904640-9724-4CB4-881D-7B36F5324F93}.Debug|x64.Build.0 = Debug|x64
		{B6904640-9724-4CB4-881D-7B36F5324F93}.Debug|x64.Deploy.0 = Debug|x64
		{B6904640-9724-4CB4-881D-7B36F5324F93}.Debug|x86.ActiveCfg = Debug|x86
		{B6904640-9724-4CB4-881D-7B36F5324F93}.Debug|x86.Build.0 = Debug|x86
		{B6904640-9724-4CB4-881D-7B36F5324F93}.Debug|x86.Deploy.0 = Debug|x86
		{B6904640-9724-4CB4-881D-7B36F5324F93}.Release|ARM64.ActiveCfg = Release|ARM64
		{B6904640-9724-4CB4-881D-7B36F5324F93}.Release|ARM64.Build.0 = Release|ARM64
		{B6904640-9724-4CB4-881D-7B36F5324F93}.Release|ARM64.Deploy.0 = Release|ARM64
		{B6904640-9724-4CB4-881D-7B36F5324F93}.Release|x64.ActiveCfg = Release|x64
		{B6904640-9724-4CB4-881D-7B36F5324F93}.Release|x64.Build.0 = Release|x64
		{B6904640-9724-4CB4-881D-7B36F5324F93}.Release|x64.Deploy.0 = Release|x64
		{B6904640-9724-4CB4-881D-7B36F5324F93}.Release|x86.ActiveCfg = Release|x86
		{B6904640-9724-4CB4-881D-7B36F5324F93}.Release|x86.Build.0 = Release|x86
		{B6904640-9724-4CB4-881D-7B36F5324F93}.Release|x86.Deploy.0 = Release|x86
		{794C308E-F065-4CAA-84B1-A013F904AC5D}.Debug|ARM64.ActiveCfg = Debug|ARM64
		{794C308E-F065-4CAA-84B1-A013F904AC5D}.Debug|ARM64.Build.0 = Debug|ARM64
		{794C308E-F065-4CAA-84B1-A013F904AC5D}.Debug|ARM64.Deploy.0 = Debug|ARM64
		{794C308E-F065-4CAA-84B1-A013F904AC5D}.Debug|x64.ActiveCfg = Debug|x64
		{794C308E-F065-4CAA-84B1-A013F904AC5D}.Debug|x64.Build.0 = Debug|x64
		{794C308E-F065-4CAA-84B1-A013F904AC5D}.Debug|x64.Deploy.0 = Debug|x64
		{794C308E-F065-4CAA-84B1-A013F904AC5D}.Debug|x86.ActiveCfg = Debug|x86
		{794C308E-F065-4CAA-84B1-A013F904AC5D}.Debug|x86.Build.0 = Debug|x86
		{794C308E-F065-4CAA-84B1-A013F904AC5D}.Debug|x86.Deploy.0 = Debug|x86
		{794C308E-F065-4CAA-84B1-A013F904AC5D}.Release|ARM64.ActiveCfg = Release|ARM64
		{794C308E-F065-4CAA-84B1-A013F904AC5D}.Release|ARM64.Build.0 = Release|ARM64
		{794C308E-F065-4CAA-84B1-A013F904AC5D}.Release|ARM64.Deploy.0 = Release|ARM64
		{794C308E-F065-4CAA-84B1-A013F904AC5D}.Release|x64.ActiveCfg = Release|x64
		{794C308E-F065-4CAA-84B1-A013F904AC5D}.Release|x64.Build.0 = Release|x64
		{794C308E-F065-4CAA-84B1-A013F904AC5D}.Release|x64.Deploy.0 = Release|x64
		{794C308E-F065-4CAA-84B1-A013F904AC5D}.Release|x86.ActiveCfg = Release|x86
		{794C308E-F065-4CAA-84B1-A013F904AC5D}.Release|x86.Build.0 = Release|x86
		{794C308E-F065-4CAA-84B1-A013F904AC5D}.Release|x86.Deploy.0 = Release|x86
	EndGlobalSection
	GlobalSection(SolutionProperties) = preSolution
		HideSolutionNode = FALSE
	EndGlobalSection
	GlobalSection(ExtensibilityGlobals) = postSolution
		SolutionGuid = {5D9943F6-4842-4A25-BFCB-F55C9DE2DC9A}
	EndGlobalSection
EndGlobal
